{
  "name": "ClientSide",
  "lockfileVersion": 2,
  "requires": true,
  "packages": {
    "": {
      "dependencies": {
        "jquery": "^3.6.3",
        "leaflet-marker-rotation": "^0.4.0"
      }
    },
    "node_modules/jquery": {
      "version": "3.6.3",
      "resolved": "https://registry.npmjs.org/jquery/-/jquery-3.6.3.tgz",
      "integrity": "sha512-bZ5Sy3YzKo9Fyc8wH2iIQK4JImJ6R0GWI9kL1/k7Z91ZBNgkRXE6U0JfHIizZbort8ZunhSI3jw9I6253ahKfg=="
    },
    "node_modules/leaflet-marker-rotation": {
      "version": "0.4.0",
      "resolved": "https://registry.npmjs.org/leaflet-marker-rotation/-/leaflet-marker-rotation-0.4.0.tgz",
      "integrity": "sha512-7I+l/Ky3mP7LQ+nfVA+Gzjl5NOb02mph3v9SD2dPoCEQ/vV3zuZp+7Sewm2Pgk2zH9Aa4+mPqNTSSSLe3D7lmg=="
    }
  },
  "dependencies": {
    "jquery": {
      "version": "3.6.3",
      "resolved": "https://registry.npmjs.org/jquery/-/jquery-3.6.3.tgz",
      "integrity": "sha512-bZ5Sy3YzKo9Fyc8wH2iIQK4JImJ6R0GWI9kL1/k7Z91ZBNgkRXE6U0JfHIizZbort8ZunhSI3jw9I6253ahKfg=="
    },
    "leaflet-marker-rotation": {
      "version": "0.4.0",
      "resolved": "https://registry.npmjs.org/leaflet-marker-rotation/-/leaflet-marker-rotation-0.4.0.tgz",
      "integrity": "sha512-7I+l/Ky3mP7LQ+nfVA+Gzjl5NOb02mph3v9SD2dPoCEQ/vV3zuZp+7Sewm2Pgk2zH9Aa4+mPqNTSSSLe3D7lmg=="
    }
  }
}
